// !$*UTF8*$!
{
	archiveVersion = 1;
	classes = {
	};
	objectVersion = 46;
	objects = {

/* Begin PBXBuildFile section */
		44038BDF1C92767000ADD412 /* main.m in Sources */ = {isa = PBXBuildFile; fileRef = 44038BDE1C92767000ADD412 /* main.m */; };
		44038BE21C92767000ADD412 /* AppDelegate.m in Sources */ = {isa = PBXBuildFile; fileRef = 44038BE11C92767000ADD412 /* AppDelegate.m */; };
		44038BE51C92767000ADD412 /* GameScene.m in Sources */ = {isa = PBXBuildFile; fileRef = 44038BE41C92767000ADD412 /* GameScene.m */; };
		44038BE71C92767000ADD412 /* GameScene.sks in Resources */ = {isa = PBXBuildFile; fileRef = 44038BE61C92767000ADD412 /* GameScene.sks */; };
		44038BEA1C92767000ADD412 /* GameViewController.m in Sources */ = {isa = PBXBuildFile; fileRef = 44038BE91C92767000ADD412 /* GameViewController.m */; };
		44038BED1C92767000ADD412 /* Main.storyboard in Resources */ = {isa = PBXBuildFile; fileRef = 44038BEB1C92767000ADD412 /* Main.storyboard */; };
		44038BEF1C92767000ADD412 /* Assets.xcassets in Resources */ = {isa = PBXBuildFile; fileRef = 44038BEE1C92767000ADD412 /* Assets.xcassets */; };
		44038BF21C92767000ADD412 /* LaunchScreen.storyboard in Resources */ = {isa = PBXBuildFile; fileRef = 44038BF01C92767000ADD412 /* LaunchScreen.storyboard */; };
		44038BFD1C92767000ADD412 /* EyeballTests.m in Sources */ = {isa = PBXBuildFile; fileRef = 44038BFC1C92767000ADD412 /* EyeballTests.m */; };
		44038C081C92767000ADD412 /* EyeballUITests.m in Sources */ = {isa = PBXBuildFile; fileRef = 44038C071C92767000ADD412 /* EyeballUITests.m */; };
		44038C171C9277E900ADD412 /* Constants.m in Sources */ = {isa = PBXBuildFile; fileRef = 44038C161C9277E900ADD412 /* Constants.m */; };
		44038C1A1C92FE1100ADD412 /* Circle.m in Sources */ = {isa = PBXBuildFile; fileRef = 44038C191C92FE1100ADD412 /* Circle.m */; };
		44038C1D1C9317AC00ADD412 /* RightAngle.m in Sources */ = {isa = PBXBuildFile; fileRef = 44038C1C1C9317AC00ADD412 /* RightAngle.m */; };
		44038C201C9317C100ADD412 /* BisectAngle.m in Sources */ = {isa = PBXBuildFile; fileRef = 44038C1F1C9317C100ADD412 /* BisectAngle.m */; };
		44038C231C9317D900ADD412 /* Parallelogram.m in Sources */ = {isa = PBXBuildFile; fileRef = 44038C221C9317D900ADD412 /* Parallelogram.m */; };
		44038C261C9317FB00ADD412 /* Convergence.m in Sources */ = {isa = PBXBuildFile; fileRef = 44038C251C9317FB00ADD412 /* Convergence.m */; };
		44038C291C93183700ADD412 /* LineMidpoint.m in Sources */ = {isa = PBXBuildFile; fileRef = 44038C281C93183700ADD412 /* LineMidpoint.m */; };
		44038C2C1C93184300ADD412 /* TriangleCenter.m in Sources */ = {isa = PBXBuildFile; fileRef = 44038C2B1C93184300ADD412 /* TriangleCenter.m */; };
		44038C2F1C93413600ADD412 /* Cursor.m in Sources */ = {isa = PBXBuildFile; fileRef = 44038C2E1C93413600ADD412 /* Cursor.m */; };
		44038C321C9352FD00ADD412 /* Level.m in Sources */ = {isa = PBXBuildFile; fileRef = 44038C311C9352FD00ADD412 /* Level.m */; };
		441B58F51C964093009771A0 /* Stopwatch.m in Sources */ = {isa = PBXBuildFile; fileRef = 441B58F41C964093009771A0 /* Stopwatch.m */; };
		441B58F81C966B66009771A0 /* MainMenuScene.m in Sources */ = {isa = PBXBuildFile; fileRef = 441B58F71C966B66009771A0 /* MainMenuScene.m */; };
		441B58FA1C9724DB009771A0 /* GameKit.framework in Frameworks */ = {isa = PBXBuildFile; fileRef = 441B58F91C9724DB009771A0 /* GameKit.framework */; };
		441B58FD1C972F11009771A0 /* GameDoneScene.m in Sources */ = {isa = PBXBuildFile; fileRef = 441B58FC1C972F11009771A0 /* GameDoneScene.m */; };
		441B59001C9734AD009771A0 /* HowToPlayScene.m in Sources */ = {isa = PBXBuildFile; fileRef = 441B58FF1C9734AD009771A0 /* HowToPlayScene.m */; };
		446CB51D1C983A4F00460146 /* GameData.m in Sources */ = {isa = PBXBuildFile; fileRef = 446CB51C1C983A4F00460146 /* GameData.m */; };
/* End PBXBuildFile section */

/* Begin PBXContainerItemProxy section */
		44038BF91C92767000ADD412 /* PBXContainerItemProxy */ = {
			isa = PBXContainerItemProxy;
			containerPortal = 44038BD21C92767000ADD412 /* Project object */;
			proxyType = 1;
			remoteGlobalIDString = 44038BD91C92767000ADD412;
			remoteInfo = Eyeball;
		};
		44038C041C92767000ADD412 /* PBXContainerItemProxy */ = {
			isa = PBXContainerItemProxy;
			containerPortal = 44038BD21C92767000ADD412 /* Project object */;
			proxyType = 1;
			remoteGlobalIDString = 44038BD91C92767000ADD412;
			remoteInfo = Eyeball;
		};
/* End PBXContainerItemProxy section */

/* Begin PBXFileReference section */
		44038BDA1C92767000ADD412 /* Eyeball.app */ = {isa = PBXFileReference; explicitFileType = wrapper.application; includeInIndex = 0; path = Eyeball.app; sourceTree = BUILT_PRODUCTS_DIR; };
		44038BDE1C92767000ADD412 /* main.m */ = {isa = PBXFileReference; lastKnownFileType = sourcecode.c.objc; path = main.m; sourceTree = "<group>"; };
		44038BE01C92767000ADD412 /* AppDelegate.h */ = {isa = PBXFileReference; lastKnownFileType = sourcecode.c.h; path = AppDelegate.h; sourceTree = "<group>"; };
		44038BE11C92767000ADD412 /* AppDelegate.m */ = {isa = PBXFileReference; lastKnownFileType = sourcecode.c.objc; path = AppDelegate.m; sourceTree = "<group>"; };
		44038BE31C92767000ADD412 /* GameScene.h */ = {isa = PBXFileReference; lastKnownFileType = sourcecode.c.h; path = GameScene.h; sourceTree = "<group>"; };
		44038BE41C92767000ADD412 /* GameScene.m */ = {isa = PBXFileReference; lastKnownFileType = sourcecode.c.objc; path = GameScene.m; sourceTree = "<group>"; };
		44038BE61C92767000ADD412 /* GameScene.sks */ = {isa = PBXFileReference; lastKnownFileType = file.sks; path = GameScene.sks; sourceTree = "<group>"; };
		44038BE81C92767000ADD412 /* GameViewController.h */ = {isa = PBXFileReference; lastKnownFileType = sourcecode.c.h; path = GameViewController.h; sourceTree = "<group>"; };
		44038BE91C92767000ADD412 /* GameViewController.m */ = {isa = PBXFileReference; lastKnownFileType = sourcecode.c.objc; path = GameViewController.m; sourceTree = "<group>"; };
		44038BEC1C92767000ADD412 /* Base */ = {isa = PBXFileReference; lastKnownFileType = file.storyboard; name = Base; path = Base.lproj/Main.storyboard; sourceTree = "<group>"; };
		44038BEE1C92767000ADD412 /* Assets.xcassets */ = {isa = PBXFileReference; lastKnownFileType = folder.assetcatalog; path = Assets.xcassets; sourceTree = "<group>"; };
		44038BF11C92767000ADD412 /* Base */ = {isa = PBXFileReference; lastKnownFileType = file.storyboard; name = Base; path = Base.lproj/LaunchScreen.storyboard; sourceTree = "<group>"; };
		44038BF31C92767000ADD412 /* Info.plist */ = {isa = PBXFileReference; lastKnownFileType = text.plist.xml; path = Info.plist; sourceTree = "<group>"; };
		44038BF81C92767000ADD412 /* EyeballTests.xctest */ = {isa = PBXFileReference; explicitFileType = wrapper.cfbundle; includeInIndex = 0; path = EyeballTests.xctest; sourceTree = BUILT_PRODUCTS_DIR; };
		44038BFC1C92767000ADD412 /* EyeballTests.m */ = {isa = PBXFileReference; lastKnownFileType = sourcecode.c.objc; path = EyeballTests.m; sourceTree = "<group>"; };
		44038BFE1C92767000ADD412 /* Info.plist */ = {isa = PBXFileReference; lastKnownFileType = text.plist.xml; path = Info.plist; sourceTree = "<group>"; };
		44038C031C92767000ADD412 /* EyeballUITests.xctest */ = {isa = PBXFileReference; explicitFileType = wrapper.cfbundle; includeInIndex = 0; path = EyeballUITests.xctest; sourceTree = BUILT_PRODUCTS_DIR; };
		44038C071C92767000ADD412 /* EyeballUITests.m */ = {isa = PBXFileReference; lastKnownFileType = sourcecode.c.objc; path = EyeballUITests.m; sourceTree = "<group>"; };
		44038C091C92767000ADD412 /* Info.plist */ = {isa = PBXFileReference; lastKnownFileType = text.plist.xml; path = Info.plist; sourceTree = "<group>"; };
		44038C151C9277E200ADD412 /* Constants.h */ = {isa = PBXFileReference; lastKnownFileType = sourcecode.c.h; path = Constants.h; sourceTree = "<group>"; };
		44038C161C9277E900ADD412 /* Constants.m */ = {isa = PBXFileReference; fileEncoding = 4; lastKnownFileType = sourcecode.c.objc; path = Constants.m; sourceTree = "<group>"; };
		44038C181C92FE0800ADD412 /* Circle.h */ = {isa = PBXFileReference; lastKnownFileType = sourcecode.c.h; path = Circle.h; sourceTree = "<group>"; };
		44038C191C92FE1100ADD412 /* Circle.m */ = {isa = PBXFileReference; fileEncoding = 4; lastKnownFileType = sourcecode.c.objc; path = Circle.m; sourceTree = "<group>"; };
		44038C1B1C9317A300ADD412 /* RightAngle.h */ = {isa = PBXFileReference; lastKnownFileType = sourcecode.c.h; path = RightAngle.h; sourceTree = "<group>"; };
		44038C1C1C9317AC00ADD412 /* RightAngle.m */ = {isa = PBXFileReference; fileEncoding = 4; lastKnownFileType = sourcecode.c.objc; path = RightAngle.m; sourceTree = "<group>"; };
		44038C1E1C9317B900ADD412 /* BisectAngle.h */ = {isa = PBXFileReference; lastKnownFileType = sourcecode.c.h; path = BisectAngle.h; sourceTree = "<group>"; };
		44038C1F1C9317C100ADD412 /* BisectAngle.m */ = {isa = PBXFileReference; fileEncoding = 4; lastKnownFileType = sourcecode.c.objc; path = BisectAngle.m; sourceTree = "<group>"; };
		44038C211C9317D000ADD412 /* Parallelogram.h */ = {isa = PBXFileReference; lastKnownFileType = sourcecode.c.h; path = Parallelogram.h; sourceTree = "<group>"; };
		44038C221C9317D900ADD412 /* Parallelogram.m */ = {isa = PBXFileReference; fileEncoding = 4; lastKnownFileType = sourcecode.c.objc; path = Parallelogram.m; sourceTree = "<group>"; };
		44038C241C9317F400ADD412 /* Convergence.h */ = {isa = PBXFileReference; lastKnownFileType = sourcecode.c.h; path = Convergence.h; sourceTree = "<group>"; };
		44038C251C9317FB00ADD412 /* Convergence.m */ = {isa = PBXFileReference; fileEncoding = 4; lastKnownFileType = sourcecode.c.objc; path = Convergence.m; sourceTree = "<group>"; };
		44038C271C93183000ADD412 /* LineMidpoint.h */ = {isa = PBXFileReference; lastKnownFileType = sourcecode.c.h; path = LineMidpoint.h; sourceTree = "<group>"; };
		44038C281C93183700ADD412 /* LineMidpoint.m */ = {isa = PBXFileReference; fileEncoding = 4; lastKnownFileType = sourcecode.c.objc; path = LineMidpoint.m; sourceTree = "<group>"; };
		44038C2A1C93183D00ADD412 /* TriangleCenter.h */ = {isa = PBXFileReference; lastKnownFileType = sourcecode.c.h; path = TriangleCenter.h; sourceTree = "<group>"; };
		44038C2B1C93184300ADD412 /* TriangleCenter.m */ = {isa = PBXFileReference; fileEncoding = 4; lastKnownFileType = sourcecode.c.objc; path = TriangleCenter.m; sourceTree = "<group>"; };
		44038C2D1C93412B00ADD412 /* Cursor.h */ = {isa = PBXFileReference; lastKnownFileType = sourcecode.c.h; path = Cursor.h; sourceTree = "<group>"; };
		44038C2E1C93413600ADD412 /* Cursor.m */ = {isa = PBXFileReference; fileEncoding = 4; lastKnownFileType = sourcecode.c.objc; path = Cursor.m; sourceTree = "<group>"; };
		44038C301C9352F300ADD412 /* Level.h */ = {isa = PBXFileReference; lastKnownFileType = sourcecode.c.h; path = Level.h; sourceTree = "<group>"; };
		44038C311C9352FD00ADD412 /* Level.m */ = {isa = PBXFileReference; fileEncoding = 4; lastKnownFileType = sourcecode.c.objc; path = Level.m; sourceTree = "<group>"; };
		441B58F31C96408D009771A0 /* Stopwatch.h */ = {isa = PBXFileReference; lastKnownFileType = sourcecode.c.h; path = Stopwatch.h; sourceTree = "<group>"; };
		441B58F41C964093009771A0 /* Stopwatch.m */ = {isa = PBXFileReference; fileEncoding = 4; lastKnownFileType = sourcecode.c.objc; path = Stopwatch.m; sourceTree = "<group>"; };
		441B58F61C966B59009771A0 /* MainMenuScene.h */ = {isa = PBXFileReference; lastKnownFileType = sourcecode.c.h; path = MainMenuScene.h; sourceTree = "<group>"; };
		441B58F71C966B66009771A0 /* MainMenuScene.m */ = {isa = PBXFileReference; fileEncoding = 4; lastKnownFileType = sourcecode.c.objc; path = MainMenuScene.m; sourceTree = "<group>"; };
		441B58F91C9724DB009771A0 /* GameKit.framework */ = {isa = PBXFileReference; lastKnownFileType = wrapper.framework; name = GameKit.framework; path = System/Library/Frameworks/GameKit.framework; sourceTree = SDKROOT; };
		441B58FB1C972F09009771A0 /* GameDoneScene.h */ = {isa = PBXFileReference; lastKnownFileType = sourcecode.c.h; path = GameDoneScene.h; sourceTree = "<group>"; };
		441B58FC1C972F11009771A0 /* GameDoneScene.m */ = {isa = PBXFileReference; fileEncoding = 4; lastKnownFileType = sourcecode.c.objc; path = GameDoneScene.m; sourceTree = "<group>"; };
		441B58FE1C9734A5009771A0 /* HowToPlayScene.h */ = {isa = PBXFileReference; lastKnownFileType = sourcecode.c.h; path = HowToPlayScene.h; sourceTree = "<group>"; };
		441B58FF1C9734AD009771A0 /* HowToPlayScene.m */ = {isa = PBXFileReference; fileEncoding = 4; lastKnownFileType = sourcecode.c.objc; path = HowToPlayScene.m; sourceTree = "<group>"; };
		446CB51B1C983A4900460146 /* GameData.h */ = {isa = PBXFileReference; lastKnownFileType = sourcecode.c.h; path = GameData.h; sourceTree = "<group>"; };
		446CB51C1C983A4F00460146 /* GameData.m */ = {isa = PBXFileReference; fileEncoding = 4; lastKnownFileType = sourcecode.c.objc; path = GameData.m; sourceTree = "<group>"; };
/* End PBXFileReference section */

/* Begin PBXFrameworksBuildPhase section */
		44038BD71C92767000ADD412 /* Frameworks */ = {
			isa = PBXFrameworksBuildPhase;
			buildActionMask = 2147483647;
			files = (
				441B58FA1C9724DB009771A0 /* GameKit.framework in Frameworks */,
			);
			runOnlyForDeploymentPostprocessing = 0;
		};
		44038BF51C92767000ADD412 /* Frameworks */ = {
			isa = PBXFrameworksBuildPhase;
			buildActionMask = 2147483647;
			files = (
			);
			runOnlyForDeploymentPostprocessing = 0;
		};
		44038C001C92767000ADD412 /* Frameworks */ = {
			isa = PBXFrameworksBuildPhase;
			buildActionMask = 2147483647;
			files = (
			);
			runOnlyForDeploymentPostprocessing = 0;
		};
/* End PBXFrameworksBuildPhase section */

/* Begin PBXGroup section */
		44038BD11C92767000ADD412 = {
			isa = PBXGroup;
			children = (
				441B58F91C9724DB009771A0 /* GameKit.framework */,
				44038BDC1C92767000ADD412 /* Eyeball */,
				44038BFB1C92767000ADD412 /* EyeballTests */,
				44038C061C92767000ADD412 /* EyeballUITests */,
				44038BDB1C92767000ADD412 /* Products */,
			);
			sourceTree = "<group>";
			usesTabs = 1;
		};
		44038BDB1C92767000ADD412 /* Products */ = {
			isa = PBXGroup;
			children = (
				44038BDA1C92767000ADD412 /* Eyeball.app */,
				44038BF81C92767000ADD412 /* EyeballTests.xctest */,
				44038C031C92767000ADD412 /* EyeballUITests.xctest */,
			);
			name = Products;
			sourceTree = "<group>";
		};
		44038BDC1C92767000ADD412 /* Eyeball */ = {
			isa = PBXGroup;
			children = (
				441B58F61C966B59009771A0 /* MainMenuScene.h */,
				441B58F71C966B66009771A0 /* MainMenuScene.m */,
				441B58FE1C9734A5009771A0 /* HowToPlayScene.h */,
				441B58FF1C9734AD009771A0 /* HowToPlayScene.m */,
				441B58FB1C972F09009771A0 /* GameDoneScene.h */,
				441B58FC1C972F11009771A0 /* GameDoneScene.m */,
				44038BE31C92767000ADD412 /* GameScene.h */,
				44038BE41C92767000ADD412 /* GameScene.m */,
				44038C2D1C93412B00ADD412 /* Cursor.h */,
				44038C2E1C93413600ADD412 /* Cursor.m */,
				44038C211C9317D000ADD412 /* Parallelogram.h */,
				44038C221C9317D900ADD412 /* Parallelogram.m */,
				44038C271C93183000ADD412 /* LineMidpoint.h */,
				44038C281C93183700ADD412 /* LineMidpoint.m */,
				44038C1E1C9317B900ADD412 /* BisectAngle.h */,
				44038C1F1C9317C100ADD412 /* BisectAngle.m */,
				44038C2A1C93183D00ADD412 /* TriangleCenter.h */,
				44038C2B1C93184300ADD412 /* TriangleCenter.m */,
				44038C181C92FE0800ADD412 /* Circle.h */,
				44038C191C92FE1100ADD412 /* Circle.m */,
				44038C1B1C9317A300ADD412 /* RightAngle.h */,
				44038C1C1C9317AC00ADD412 /* RightAngle.m */,
				44038C241C9317F400ADD412 /* Convergence.h */,
				44038C251C9317FB00ADD412 /* Convergence.m */,
				44038C301C9352F300ADD412 /* Level.h */,
				44038C311C9352FD00ADD412 /* Level.m */,
				441B58F31C96408D009771A0 /* Stopwatch.h */,
				441B58F41C964093009771A0 /* Stopwatch.m */,
				446CB51B1C983A4900460146 /* GameData.h */,
				446CB51C1C983A4F00460146 /* GameData.m */,
				44038C151C9277E200ADD412 /* Constants.h */,
				44038C161C9277E900ADD412 /* Constants.m */,
				44038BE81C92767000ADD412 /* GameViewController.h */,
				44038BE91C92767000ADD412 /* GameViewController.m */,
				44038BEE1C92767000ADD412 /* Assets.xcassets */,
				44038BE01C92767000ADD412 /* AppDelegate.h */,
				44038BE11C92767000ADD412 /* AppDelegate.m */,
				44038BE61C92767000ADD412 /* GameScene.sks */,
				44038BEB1C92767000ADD412 /* Main.storyboard */,
				44038BF01C92767000ADD412 /* LaunchScreen.storyboard */,
				44038BF31C92767000ADD412 /* Info.plist */,
				44038BDD1C92767000ADD412 /* Supporting Files */,
			);
			path = Eyeball;
			sourceTree = "<group>";
		};
		44038BDD1C92767000ADD412 /* Supporting Files */ = {
			isa = PBXGroup;
			children = (
				44038BDE1C92767000ADD412 /* main.m */,
			);
			name = "Supporting Files";
			sourceTree = "<group>";
		};
		44038BFB1C92767000ADD412 /* EyeballTests */ = {
			isa = PBXGroup;
			children = (
				44038BFC1C92767000ADD412 /* EyeballTests.m */,
				44038BFE1C92767000ADD412 /* Info.plist */,
			);
			path = EyeballTests;
			sourceTree = "<group>";
		};
		44038C061C92767000ADD412 /* EyeballUITests */ = {
			isa = PBXGroup;
			children = (
				44038C071C92767000ADD412 /* EyeballUITests.m */,
				44038C091C92767000ADD412 /* Info.plist */,
			);
			path = EyeballUITests;
			sourceTree = "<group>";
		};
/* End PBXGroup section */

/* Begin PBXNativeTarget section */
		44038BD91C92767000ADD412 /* Eyeball */ = {
			isa = PBXNativeTarget;
			buildConfigurationList = 44038C0C1C92767000ADD412 /* Build configuration list for PBXNativeTarget "Eyeball" */;
			buildPhases = (
				44038BD61C92767000ADD412 /* Sources */,
				44038BD71C92767000ADD412 /* Frameworks */,
				44038BD81C92767000ADD412 /* Resources */,
			);
			buildRules = (
			);
			dependencies = (
			);
			name = Eyeball;
			productName = Eyeball;
			productReference = 44038BDA1C92767000ADD412 /* Eyeball.app */;
			productType = "com.apple.product-type.application";
		};
		44038BF71C92767000ADD412 /* EyeballTests */ = {
			isa = PBXNativeTarget;
			buildConfigurationList = 44038C0F1C92767000ADD412 /* Build configuration list for PBXNativeTarget "EyeballTests" */;
			buildPhases = (
				44038BF41C92767000ADD412 /* Sources */,
				44038BF51C92767000ADD412 /* Frameworks */,
				44038BF61C92767000ADD412 /* Resources */,
			);
			buildRules = (
			);
			dependencies = (
				44038BFA1C92767000ADD412 /* PBXTargetDependency */,
			);
			name = EyeballTests;
			productName = EyeballTests;
			productReference = 44038BF81C92767000ADD412 /* EyeballTests.xctest */;
			productType = "com.apple.product-type.bundle.unit-test";
		};
		44038C021C92767000ADD412 /* EyeballUITests */ = {
			isa = PBXNativeTarget;
			buildConfigurationList = 44038C121C92767000ADD412 /* Build configuration list for PBXNativeTarget "EyeballUITests" */;
			buildPhases = (
				44038BFF1C92767000ADD412 /* Sources */,
				44038C001C92767000ADD412 /* Frameworks */,
				44038C011C92767000ADD412 /* Resources */,
			);
			buildRules = (
			);
			dependencies = (
				44038C051C92767000ADD412 /* PBXTargetDependency */,
			);
			name = EyeballUITests;
			productName = EyeballUITests;
			productReference = 44038C031C92767000ADD412 /* EyeballUITests.xctest */;
			productType = "com.apple.product-type.bundle.ui-testing";
		};
/* End PBXNativeTarget section */

/* Begin PBXProject section */
		44038BD21C92767000ADD412 /* Project object */ = {
			isa = PBXProject;
			attributes = {
				LastUpgradeCheck = 0720;
				ORGANIZATIONNAME = "Craig Milby";
				TargetAttributes = {
					44038BD91C92767000ADD412 = {
						CreatedOnToolsVersion = 7.2.1;
						DevelopmentTeam = RVZJ785C3A;
						SystemCapabilities = {
							com.apple.GameCenter = {
								enabled = 1;
							};
						};
					};
					44038BF71C92767000ADD412 = {
						CreatedOnToolsVersion = 7.2.1;
						TestTargetID = 44038BD91C92767000ADD412;
					};
					44038C021C92767000ADD412 = {
						CreatedOnToolsVersion = 7.2.1;
						TestTargetID = 44038BD91C92767000ADD412;
					};
				};
			};
			buildConfigurationList = 44038BD51C92767000ADD412 /* Build configuration list for PBXProject "Eyeball" */;
			compatibilityVersion = "Xcode 3.2";
			developmentRegion = English;
			hasScannedForEncodings = 0;
			knownRegions = (
				en,
				Base,
			);
			mainGroup = 44038BD11C92767000ADD412;
			productRefGroup = 44038BDB1C92767000ADD412 /* Products */;
			projectDirPath = "";
			projectRoot = "";
			targets = (
				44038BD91C92767000ADD412 /* Eyeball */,
				44038BF71C92767000ADD412 /* EyeballTests */,
				44038C021C92767000ADD412 /* EyeballUITests */,
			);
		};
/* End PBXProject section */

/* Begin PBXResourcesBuildPhase section */
		44038BD81C92767000ADD412 /* Resources */ = {
			isa = PBXResourcesBuildPhase;
			buildActionMask = 2147483647;
			files = (
				44038BE71C92767000ADD412 /* GameScene.sks in Resources */,
				44038BF21C92767000ADD412 /* LaunchScreen.storyboard in Resources */,
				44038BEF1C92767000ADD412 /* Assets.xcassets in Resources */,
				44038BED1C92767000ADD412 /* Main.storyboard in Resources */,
			);
			runOnlyForDeploymentPostprocessing = 0;
		};
		44038BF61C92767000ADD412 /* Resources */ = {
			isa = PBXResourcesBuildPhase;
			buildActionMask = 2147483647;
			files = (
			);
			runOnlyForDeploymentPostprocessing = 0;
		};
		44038C011C92767000ADD412 /* Resources */ = {
			isa = PBXResourcesBuildPhase;
			buildActionMask = 2147483647;
			files = (
			);
			runOnlyForDeploymentPostprocessing = 0;
		};
/* End PBXResourcesBuildPhase section */

/* Begin PBXSourcesBuildPhase section */
		44038BD61C92767000ADD412 /* Sources */ = {
			isa = PBXSourcesBuildPhase;
			buildActionMask = 2147483647;
			files = (
				44038C171C9277E900ADD412 /* Constants.m in Sources */,
				44038C261C9317FB00ADD412 /* Convergence.m in Sources */,
				441B59001C9734AD009771A0 /* HowToPlayScene.m in Sources */,
				441B58F81C966B66009771A0 /* MainMenuScene.m in Sources */,
				44038C2C1C93184300ADD412 /* TriangleCenter.m in Sources */,
				441B58F51C964093009771A0 /* Stopwatch.m in Sources */,
				44038C201C9317C100ADD412 /* BisectAngle.m in Sources */,
				44038BEA1C92767000ADD412 /* GameViewController.m in Sources */,
				44038BE21C92767000ADD412 /* AppDelegate.m in Sources */,
				44038C1D1C9317AC00ADD412 /* RightAngle.m in Sources */,
				44038C291C93183700ADD412 /* LineMidpoint.m in Sources */,
				44038C231C9317D900ADD412 /* Parallelogram.m in Sources */,
				44038C1A1C92FE1100ADD412 /* Circle.m in Sources */,
				44038C2F1C93413600ADD412 /* Cursor.m in Sources */,
				44038BE51C92767000ADD412 /* GameScene.m in Sources */,
				446CB51D1C983A4F00460146 /* GameData.m in Sources */,
				44038C321C9352FD00ADD412 /* Level.m in Sources */,
				441B58FD1C972F11009771A0 /* GameDoneScene.m in Sources */,
				44038BDF1C92767000ADD412 /* main.m in Sources */,
			);
			runOnlyForDeploymentPostprocessing = 0;
		};
		44038BF41C92767000ADD412 /* Sources */ = {
			isa = PBXSourcesBuildPhase;
			buildActionMask = 2147483647;
			files = (
				44038BFD1C92767000ADD412 /* EyeballTests.m in Sources */,
			);
			runOnlyForDeploymentPostprocessing = 0;
		};
		44038BFF1C92767000ADD412 /* Sources */ = {
			isa = PBXSourcesBuildPhase;
			buildActionMask = 2147483647;
			files = (
				44038C081C92767000ADD412 /* EyeballUITests.m in Sources */,
			);
			runOnlyForDeploymentPostprocessing = 0;
		};
/* End PBXSourcesBuildPhase section */

/* Begin PBXTargetDependency section */
		44038BFA1C92767000ADD412 /* PBXTargetDependency */ = {
			isa = PBXTargetDependency;
			target = 44038BD91C92767000ADD412 /* Eyeball */;
			targetProxy = 44038BF91C92767000ADD412 /* PBXContainerItemProxy */;
		};
		44038C051C92767000ADD412 /* PBXTargetDependency */ = {
			isa = PBXTargetDependency;
			target = 44038BD91C92767000ADD412 /* Eyeball */;
			targetProxy = 44038C041C92767000ADD412 /* PBXContainerItemProxy */;
		};
/* End PBXTargetDependency section */

/* Begin PBXVariantGroup section */
		44038BEB1C92767000ADD412 /* Main.storyboard */ = {
			isa = PBXVariantGroup;
			children = (
				44038BEC1C92767000ADD412 /* Base */,
			);
			name = Main.storyboard;
			sourceTree = "<group>";
		};
		44038BF01C92767000ADD412 /* LaunchScreen.storyboard */ = {
			isa = PBXVariantGroup;
			children = (
				44038BF11C92767000ADD412 /* Base */,
			);
			name = LaunchScreen.storyboard;
			sourceTree = "<group>";
		};
/* End PBXVariantGroup section */

/* Begin XCBuildConfiguration section */
		44038C0A1C92767000ADD412 /* Debug */ = {
			isa = XCBuildConfiguration;
			buildSettings = {
				ALWAYS_SEARCH_USER_PATHS = NO;
				CLANG_CXX_LANGUAGE_STANDARD = "gnu++0x";
				CLANG_CXX_LIBRARY = "libc++";
				CLANG_ENABLE_MODULES = YES;
				CLANG_ENABLE_OBJC_ARC = YES;
				CLANG_WARN_BOOL_CONVERSION = YES;
				CLANG_WARN_CONSTANT_CONVERSION = YES;
				CLANG_WARN_DIRECT_OBJC_ISA_USAGE = YES_ERROR;
				CLANG_WARN_EMPTY_BODY = YES;
				CLANG_WARN_ENUM_CONVERSION = YES;
				CLANG_WARN_INT_CONVERSION = YES;
				CLANG_WARN_OBJC_ROOT_CLASS = YES_ERROR;
				CLANG_WARN_UNREACHABLE_CODE = YES;
				CLANG_WARN__DUPLICATE_METHOD_MATCH = YES;
				"CODE_SIGN_IDENTITY[sdk=iphoneos*]" = "iPhone Developer";
				COPY_PHASE_STRIP = NO;
				DEBUG_INFORMATION_FORMAT = "dwarf-with-dsym";
				ENABLE_STRICT_OBJC_MSGSEND = YES;
				ENABLE_TESTABILITY = YES;
				GCC_C_LANGUAGE_STANDARD = gnu99;
				GCC_DYNAMIC_NO_PIC = NO;
				GCC_NO_COMMON_BLOCKS = YES;
				GCC_OPTIMIZATION_LEVEL = 0;
				GCC_PREPROCESSOR_DEFINITIONS = (
					"DEBUG=1",
					"$(inherited)",
				);
				GCC_WARN_64_TO_32_BIT_CONVERSION = YES;
				GCC_WARN_ABOUT_RETURN_TYPE = YES_ERROR;
				GCC_WARN_UNDECLARED_SELECTOR = YES;
				GCC_WARN_UNINITIALIZED_AUTOS = YES_AGGRESSIVE;
				GCC_WARN_UNUSED_FUNCTION = YES;
				GCC_WARN_UNUSED_VARIABLE = YES;
				IPHONEOS_DEPLOYMENT_TARGET = 9.2;
				MTL_ENABLE_DEBUG_INFO = YES;
				ONLY_ACTIVE_ARCH = YES;
				SDKROOT = iphoneos;
			};
			name = Debug;
		};
		44038C0B1C92767000ADD412 /* Release */ = {
			isa = XCBuildConfiguration;
			buildSettings = {
				ALWAYS_SEARCH_USER_PATHS = NO;
				CLANG_CXX_LANGUAGE_STANDARD = "gnu++0x";
				CLANG_CXX_LIBRARY = "libc++";
				CLANG_ENABLE_MODULES = YES;
				CLANG_ENABLE_OBJC_ARC = YES;
				CLANG_WARN_BOOL_CONVERSION = YES;
				CLANG_WARN_CONSTANT_CONVERSION = YES;
				CLANG_WARN_DIRECT_OBJC_ISA_USAGE = YES_ERROR;
				CLANG_WARN_EMPTY_BODY = YES;
				CLANG_WARN_ENUM_CONVERSION = YES;
				CLANG_WARN_INT_CONVERSION = YES;
				CLANG_WARN_OBJC_ROOT_CLASS = YES_ERROR;
				CLANG_WARN_UNREACHABLE_CODE = YES;
				CLANG_WARN__DUPLICATE_METHOD_MATCH = YES;
				"CODE_SIGN_IDENTITY[sdk=iphoneos*]" = "iPhone Developer";
				COPY_PHASE_STRIP = NO;
				DEBUG_INFORMATION_FORMAT = "dwarf-with-dsym";
				ENABLE_NS_ASSERTIONS = NO;
				ENABLE_STRICT_OBJC_MSGSEND = YES;
				GCC_C_LANGUAGE_STANDARD = gnu99;
				GCC_NO_COMMON_BLOCKS = YES;
				GCC_WARN_64_TO_32_BIT_CONVERSION = YES;
				GCC_WARN_ABOUT_RETURN_TYPE = YES_ERROR;
				GCC_WARN_UNDECLARED_SELECTOR = YES;
				GCC_WARN_UNINITIALIZED_AUTOS = YES_AGGRESSIVE;
				GCC_WARN_UNUSED_FUNCTION = YES;
				GCC_WARN_UNUSED_VARIABLE = YES;
				IPHONEOS_DEPLOYMENT_TARGET = 9.2;
				MTL_ENABLE_DEBUG_INFO = NO;
				SDKROOT = iphoneos;
				VALIDATE_PRODUCT = YES;
			};
			name = Release;
		};
		44038C0D1C92767000ADD412 /* Debug */ = {
			isa = XCBuildConfiguration;
			buildSettings = {
				ASSETCATALOG_COMPILER_APPICON_NAME = AppIcon;
				CODE_SIGN_IDENTITY = "iPhone Developer";
				"CODE_SIGN_IDENTITY[sdk=iphoneos*]" = "iPhone Developer";
				INFOPLIST_FILE = Eyeball/Info.plist;
				LD_RUNPATH_SEARCH_PATHS = "$(inherited) @executable_path/Frameworks";
				PRODUCT_BUNDLE_IDENTIFIER = me.craigmilby.JustAboutThere;
				PRODUCT_NAME = "$(TARGET_NAME)";
				PROVISIONING_PROFILE = "";
				TARGETED_DEVICE_FAMILY = "1,2";
			};
			name = Debug;
		};
		44038C0E1C92767000ADD412 /* Release */ = {
			isa = XCBuildConfiguration;
			buildSettings = {
				ASSETCATALOG_COMPILER_APPICON_NAME = AppIcon;
				CODE_SIGN_IDENTITY = "iPhone Developer";
				"CODE_SIGN_IDENTITY[sdk=iphoneos*]" = "iPhone Developer";
				INFOPLIST_FILE = Eyeball/Info.plist;
				LD_RUNPATH_SEARCH_PATHS = "$(inherited) @executable_path/Frameworks";
				PRODUCT_BUNDLE_IDENTIFIER = me.craigmilby.JustAboutThere;
				PRODUCT_NAME = "$(TARGET_NAME)";
				PROVISIONING_PROFILE = "";
				TARGETED_DEVICE_FAMILY = "1,2";
			};
			name = Release;
		};
		44038C101C92767000ADD412 /* Debug */ = {
			isa = XCBuildConfiguration;
			buildSettings = {
				BUNDLE_LOADER = "$(TEST_HOST)";
				DEBUG_INFORMATION_FORMAT = dwarf;
				INFOPLIST_FILE = EyeballTests/Info.plist;
				LD_RUNPATH_SEARCH_PATHS = "$(inherited) @executable_path/Frameworks @loader_path/Frameworks";
				PRODUCT_BUNDLE_IDENTIFIER = me.cmilby.EyeballTests;
				PRODUCT_NAME = "$(TARGET_NAME)";
				TEST_HOST = "$(BUILT_PRODUCTS_DIR)/Eyeball.app/Eyeball";
			};
			name = Debug;
		};
		44038C111C92767000ADD412 /* Release */ = {
			isa = XCBuildConfiguration;
			buildSettings = {
				BUNDLE_LOADER = "$(TEST_HOST)";
				INFOPLIST_FILE = EyeballTests/Info.plist;
				LD_RUNPATH_SEARCH_PATHS = "$(inherited) @executable_path/Frameworks @loader_path/Frameworks";
				PRODUCT_BUNDLE_IDENTIFIER = me.cmilby.EyeballTests;
				PRODUCT_NAME = "$(TARGET_NAME)";
				TEST_HOST = "$(BUILT_PRODUCTS_DIR)/Eyeball.app/Eyeball";
			};
			name = Release;
		};
		44038C131C92767000ADD412 /* Debug */ = {
			isa = XCBuildConfiguration;
			buildSettings = {
				DEBUG_INFORMATION_FORMAT = dwarf;
				INFOPLIST_FILE = EyeballUITests/Info.plist;
				LD_RUNPATH_SEARCH_PATHS = "$(inherited) @executable_path/Frameworks @loader_path/Frameworks";
				PRODUCT_BUNDLE_IDENTIFIER = me.cmilby.EyeballUITests;
				PRODUCT_NAME = "$(TARGET_NAME)";
				TEST_TARGET_NAME = Eyeball;
				USES_XCTRUNNER = YES;
			};
			name = Debug;
		};
		44038C141C92767000ADD412 /* Release */ = {
			isa = XCBuildConfiguration;
			buildSettings = {
				INFOPLIST_FILE = EyeballUITests/Info.plist;
				LD_RUNPATH_SEARCH_PATHS = "$(inherited) @executable_path/Frameworks @loader_path/Frameworks";
				PRODUCT_BUNDLE_IDENTIFIER = me.cmilby.EyeballUITests;
				PRODUCT_NAME = "$(TARGET_NAME)";
				TEST_TARGET_NAME = Eyeball;
				USES_XCTRUNNER = YES;
			};
			name = Release;
		};
/* End XCBuildConfiguration section */

/* Begin XCConfigurationList section */
		44038BD51C92767000ADD412 /* Build configuration list for PBXProject "Eyeball" */ = {
			isa = XCConfigurationList;
			buildConfigurations = (
				44038C0A1C92767000ADD412 /* Debug */,
				44038C0B1C92767000ADD412 /* Release */,
			);
			defaultConfigurationIsVisible = 0;
			defaultConfigurationName = Release;
		};
		44038C0C1C92767000ADD412 /* Build configuration list for PBXNativeTarget "Eyeball" */ = {
			isa = XCConfigurationList;
			buildConfigurations = (
				44038C0D1C92767000ADD412 /* Debug */,
				44038C0E1C92767000ADD412 /* Release */,
			);
			defaultConfigurationIsVisible = 0;
			defaultConfigurationName = Release;
		};
		44038C0F1C92767000ADD412 /* Build configuration list for PBXNativeTarget "EyeballTests" */ = {
			isa = XCConfigurationList;
			buildConfigurations = (
				44038C101C92767000ADD412 /* Debug */,
				44038C111C92767000ADD412 /* Release */,
			);
			defaultConfigurationIsVisible = 0;
			defaultConfigurationName = Release;
		};
		44038C121C92767000ADD412 /* Build configuration list for PBXNativeTarget "EyeballUITests" */ = {
			isa = XCConfigurationList;
			buildConfigurations = (
				44038C131C92767000ADD412 /* Debug */,
				44038C141C92767000ADD412 /* Release */,
			);
			defaultConfigurationIsVisible = 0;
			defaultConfigurationName = Release;
		};
/* End XCConfigurationList section */
	};
	rootObject = 44038BD21C92767000ADD412 /* Project object */;
}
